{
  "name": "vercel-zod-int-streaming-fixture",
  "lockfileVersion": 3,
  "requires": true,
  "packages": {
    "": {
      "dependencies": {
        "@ai-sdk/openai-compatible": "2.0.38",
        "ai": "6.0.144",
        "zod": "4.1.8"
      }
    },
    "node_modules/@ai-sdk/openai-compatible": {
      "version": "2.0.38"
    },
    "node_modules/ai": {
      "version": "6.0.144"
    },
    "node_modules/zod": {
      "version": "4.1.8"
    }
  }
}
